
Microsoft Visual Studio Solution File, Format Version 12.00
# Visual Studio 2013
VisualStudioVersion = 12.0.31101.0
MinimumVisualStudioVersion = 10.0.40219.1
Project("{FAE04EC0-301F-11D3-BF4B-00C04F79EFBC}") = "ImageExtensionsApp", "ImageExtensionsApp\ImageExtensionsApp\ImageExtensionsApp.csproj", "{994CD717-AAE8-47B8-BF1B-5764A63FA20E}"
EndProject
Project("{FAE04EC0-301F-11D3-BF4B-00C04F79EFBC}") = "ImageExtensionsApp.iOS", "ImageExtensionsApp\ImageExtensionsApp.iOS\ImageExtensionsApp.iOS.csproj", "{BA476FBB-8131-49B2-A9C2-88461D368860}"
EndProject
Project("{FAE04EC0-301F-11D3-BF4B-00C04F79EFBC}") = "ImageExtensionsApp.Droid", "ImageExtensionsApp\ImageExtensionsApp.Droid\ImageExtensionsApp.Droid.csproj", "{C7FD6407-C86B-4708-A1D8-D872DC69E41E}"
EndProject
Project("{FAE04EC0-301F-11D3-BF4B-00C04F79EFBC}") = "ImageExtensionsApp.WinPhone", "ImageExtensionsApp\ImageExtensionsApp.WinPhone\ImageExtensionsApp.WinPhone.csproj", "{2EBAA449-4A0A-4C61-BCA7-F0D96FC28926}"
EndProject
Global
	GlobalSection(SolutionConfigurationPlatforms) = preSolution
		Ad-Hoc|Any CPU = Ad-Hoc|Any CPU
		Ad-Hoc|ARM = Ad-Hoc|ARM
		Ad-Hoc|iPhone = Ad-Hoc|iPhone
		Ad-Hoc|iPhoneSimulator = Ad-Hoc|iPhoneSimulator
		Ad-Hoc|Mixed Platforms = Ad-Hoc|Mixed Platforms
		Ad-Hoc|x86 = Ad-Hoc|x86
		AppStore|Any CPU = AppStore|Any CPU
		AppStore|ARM = AppStore|ARM
		AppStore|iPhone = AppStore|iPhone
		AppStore|iPhoneSimulator = AppStore|iPhoneSimulator
		AppStore|Mixed Platforms = AppStore|Mixed Platforms
		AppStore|x86 = AppStore|x86
		Debug|Any CPU = Debug|Any CPU
		Debug|ARM = Debug|ARM
		Debug|iPhone = Debug|iPhone
		Debug|iPhoneSimulator = Debug|iPhoneSimulator
		Debug|Mixed Platforms = Debug|Mixed Platforms
		Debug|x86 = Debug|x86
		Release|Any CPU = Release|Any CPU
		Release|ARM = Release|ARM
		Release|iPhone = Release|iPhone
		Release|iPhoneSimulator = Release|iPhoneSimulator
		Release|Mixed Platforms = Release|Mixed Platforms
		Release|x86 = Release|x86
	EndGlobalSection
	GlobalSection(ProjectConfigurationPlatforms) = postSolution
		{994CD717-AAE8-47B8-BF1B-5764A63FA20E}.Ad-Hoc|Any CPU.ActiveCfg = Release|Any CPU
		{994CD717-AAE8-47B8-BF1B-5764A63FA20E}.Ad-Hoc|Any CPU.Build.0 = Release|Any CPU
		{994CD717-AAE8-47B8-BF1B-5764A63FA20E}.Ad-Hoc|ARM.ActiveCfg = Release|Any CPU
		{994CD717-AAE8-47B8-BF1B-5764A63FA20E}.Ad-Hoc|iPhone.ActiveCfg = Release|Any CPU
		{994CD717-AAE8-47B8-BF1B-5764A63FA20E}.Ad-Hoc|iPhoneSimulator.ActiveCfg = Release|Any CPU
		{994CD717-AAE8-47B8-BF1B-5764A63FA20E}.Ad-Hoc|Mixed Platforms.ActiveCfg = Release|Any CPU
		{994CD717-AAE8-47B8-BF1B-5764A63FA20E}.Ad-Hoc|Mixed Platforms.Build.0 = Release|Any CPU
		{994CD717-AAE8-47B8-BF1B-5764A63FA20E}.Ad-Hoc|x86.ActiveCfg = Release|Any CPU
		{994CD717-AAE8-47B8-BF1B-5764A63FA20E}.AppStore|Any CPU.ActiveCfg = Release|Any CPU
		{994CD717-AAE8-47B8-BF1B-5764A63FA20E}.AppStore|Any CPU.Build.0 = Release|Any CPU
		{994CD717-AAE8-47B8-BF1B-5764A63FA20E}.AppStore|ARM.ActiveCfg = Release|Any CPU
		{994CD717-AAE8-47B8-BF1B-5764A63FA20E}.AppStore|iPhone.ActiveCfg = Release|Any CPU
		{994CD717-AAE8-47B8-BF1B-5764A63FA20E}.AppStore|iPhoneSimulator.ActiveCfg = Release|Any CPU
		{994CD717-AAE8-47B8-BF1B-5764A63FA20E}.AppStore|Mixed Platforms.ActiveCfg = Release|Any CPU
		{994CD717-AAE8-47B8-BF1B-5764A63FA20E}.AppStore|Mixed Platforms.Build.0 = Release|Any CPU
		{994CD717-AAE8-47B8-BF1B-5764A63FA20E}.AppStore|x86.ActiveCfg = Release|Any CPU
		{994CD717-AAE8-47B8-BF1B-5764A63FA20E}.Debug|Any CPU.ActiveCfg = Debug|Any CPU
		{994CD717-AAE8-47B8-BF1B-5764A63FA20E}.Debug|Any CPU.Build.0 = Debug|Any CPU
		{994CD717-AAE8-47B8-BF1B-5764A63FA20E}.Debug|ARM.ActiveCfg = Debug|Any CPU
		{994CD717-AAE8-47B8-BF1B-5764A63FA20E}.Debug|iPhone.ActiveCfg = Debug|Any CPU
		{994CD717-AAE8-47B8-BF1B-5764A63FA20E}.Debug|iPhoneSimulator.ActiveCfg = Debug|Any CPU
		{994CD717-AAE8-47B8-BF1B-5764A63FA20E}.Debug|Mixed Platforms.ActiveCfg = Debug|Any CPU
		{994CD717-AAE8-47B8-BF1B-5764A63FA20E}.Debug|Mixed Platforms.Build.0 = Debug|Any CPU
		{994CD717-AAE8-47B8-BF1B-5764A63FA20E}.Debug|x86.ActiveCfg = Debug|Any CPU
		{994CD717-AAE8-47B8-BF1B-5764A63FA20E}.Release|Any CPU.ActiveCfg = Release|Any CPU
		{994CD717-AAE8-47B8-BF1B-5764A63FA20E}.Release|Any CPU.Build.0 = Release|Any CPU
		{994CD717-AAE8-47B8-BF1B-5764A63FA20E}.Release|ARM.ActiveCfg = Release|Any CPU
		{994CD717-AAE8-47B8-BF1B-5764A63FA20E}.Release|iPhone.ActiveCfg = Release|Any CPU
		{994CD717-AAE8-47B8-BF1B-5764A63FA20E}.Release|iPhoneSimulator.ActiveCfg = Release|Any CPU
		{994CD717-AAE8-47B8-BF1B-5764A63FA20E}.Release|Mixed Platforms.ActiveCfg = Release|Any CPU
		{994CD717-AAE8-47B8-BF1B-5764A63FA20E}.Release|Mixed Platforms.Build.0 = Release|Any CPU
		{994CD717-AAE8-47B8-BF1B-5764A63FA20E}.Release|x86.ActiveCfg = Release|Any CPU
		{BA476FBB-8131-49B2-A9C2-88461D368860}.Ad-Hoc|Any CPU.ActiveCfg = Ad-Hoc|iPhone
		{BA476FBB-8131-49B2-A9C2-88461D368860}.Ad-Hoc|ARM.ActiveCfg = Ad-Hoc|iPhone
		{BA476FBB-8131-49B2-A9C2-88461D368860}.Ad-Hoc|iPhone.ActiveCfg = Ad-Hoc|iPhone
		{BA476FBB-8131-49B2-A9C2-88461D368860}.Ad-Hoc|iPhone.Build.0 = Ad-Hoc|iPhone
		{BA476FBB-8131-49B2-A9C2-88461D368860}.Ad-Hoc|iPhoneSimulator.ActiveCfg = Ad-Hoc|iPhoneSimulator
		{BA476FBB-8131-49B2-A9C2-88461D368860}.Ad-Hoc|iPhoneSimulator.Build.0 = Ad-Hoc|iPhoneSimulator
		{BA476FBB-8131-49B2-A9C2-88461D368860}.Ad-Hoc|Mixed Platforms.ActiveCfg = Ad-Hoc|iPhone
		{BA476FBB-8131-49B2-A9C2-88461D368860}.Ad-Hoc|Mixed Platforms.Build.0 = Ad-Hoc|iPhone
		{BA476FBB-8131-49B2-A9C2-88461D368860}.Ad-Hoc|x86.ActiveCfg = Ad-Hoc|iPhone
		{BA476FBB-8131-49B2-A9C2-88461D368860}.AppStore|Any CPU.ActiveCfg = AppStore|iPhone
		{BA476FBB-8131-49B2-A9C2-88461D368860}.AppStore|ARM.ActiveCfg = AppStore|iPhone
		{BA476FBB-8131-49B2-A9C2-88461D368860}.AppStore|iPhone.ActiveCfg = AppStore|iPhone
		{BA476FBB-8131-49B2-A9C2-88461D368860}.AppStore|iPhone.Build.0 = AppStore|iPhone
		{BA476FBB-8131-49B2-A9C2-88461D368860}.AppStore|iPhoneSimulator.ActiveCfg = AppStore|iPhoneSimulator
		{BA476FBB-8131-49B2-A9C2-88461D368860}.AppStore|iPhoneSimulator.Build.0 = AppStore|iPhoneSimulator
		{BA476FBB-8131-49B2-A9C2-88461D368860}.AppStore|Mixed Platforms.ActiveCfg = AppStore|iPhone
		{BA476FBB-8131-49B2-A9C2-88461D368860}.AppStore|Mixed Platforms.Build.0 = AppStore|iPhone
		{BA476FBB-8131-49B2-A9C2-88461D368860}.AppStore|x86.ActiveCfg = AppStore|iPhone
		{BA476FBB-8131-49B2-A9C2-88461D368860}.Debug|Any CPU.ActiveCfg = Debug|iPhone
		{BA476FBB-8131-49B2-A9C2-88461D368860}.Debug|ARM.ActiveCfg = Debug|iPhone
		{BA476FBB-8131-49B2-A9C2-88461D368860}.Debug|iPhone.ActiveCfg = Debug|iPhone
		{BA476FBB-8131-49B2-A9C2-88461D368860}.Debug|iPhone.Build.0 = Debug|iPhone
		{BA476FBB-8131-49B2-A9C2-88461D368860}.Debug|iPhoneSimulator.ActiveCfg = Debug|iPhoneSimulator
		{BA476FBB-8131-49B2-A9C2-88461D368860}.Debug|iPhoneSimulator.Build.0 = Debug|iPhoneSimulator
		{BA476FBB-8131-49B2-A9C2-88461D368860}.Debug|Mixed Platforms.ActiveCfg = Debug|iPhone
		{BA476FBB-8131-49B2-A9C2-88461D368860}.Debug|Mixed Platforms.Build.0 = Debug|iPhone
		{BA476FBB-8131-49B2-A9C2-88461D368860}.Debug|x86.ActiveCfg = Debug|iPhone
		{BA476FBB-8131-49B2-A9C2-88461D368860}.Release|Any CPU.ActiveCfg = Release|iPhone
		{BA476FBB-8131-49B2-A9C2-88461D368860}.Release|ARM.ActiveCfg = Release|iPhone
		{BA476FBB-8131-49B2-A9C2-88461D368860}.Release|iPhone.ActiveCfg = Release|iPhone
		{BA476FBB-8131-49B2-A9C2-88461D368860}.Release|iPhone.Build.0 = Release|iPhone
		{BA476FBB-8131-49B2-A9C2-88461D368860}.Release|iPhoneSimulator.ActiveCfg = Release|iPhoneSimulator
		{BA476FBB-8131-49B2-A9C2-88461D368860}.Release|iPhoneSimulator.Build.0 = Release|iPhoneSimulator
		{BA476FBB-8131-49B2-A9C2-88461D368860}.Release|Mixed Platforms.ActiveCfg = Release|iPhone
		{BA476FBB-8131-49B2-A9C2-88461D368860}.Release|Mixed Platforms.Build.0 = Release|iPhone
		{BA476FBB-8131-49B2-A9C2-88461D368860}.Release|x86.ActiveCfg = Release|iPhone
		{C7FD6407-C86B-4708-A1D8-D872DC69E41E}.Ad-Hoc|Any CPU.ActiveCfg = Release|Any CPU
		{C7FD6407-C86B-4708-A1D8-D872DC69E41E}.Ad-Hoc|Any CPU.Build.0 = Release|Any CPU
		{C7FD6407-C86B-4708-A1D8-D872DC69E41E}.Ad-Hoc|Any CPU.Deploy.0 = Release|Any CPU
		{C7FD6407-C86B-4708-A1D8-D872DC69E41E}.Ad-Hoc|ARM.ActiveCfg = Release|Any CPU
		{C7FD6407-C86B-4708-A1D8-D872DC69E41E}.Ad-Hoc|iPhone.ActiveCfg = Release|Any CPU
		{C7FD6407-C86B-4708-A1D8-D872DC69E41E}.Ad-Hoc|iPhoneSimulator.ActiveCfg = Release|Any CPU
		{C7FD6407-C86B-4708-A1D8-D872DC69E41E}.Ad-Hoc|Mixed Platforms.ActiveCfg = Release|Any CPU
		{C7FD6407-C86B-4708-A1D8-D872DC69E41E}.Ad-Hoc|Mixed Platforms.Build.0 = Release|Any CPU
		{C7FD6407-C86B-4708-A1D8-D872DC69E41E}.Ad-Hoc|Mixed Platforms.Deploy.0 = Release|Any CPU
		{C7FD6407-C86B-4708-A1D8-D872DC69E41E}.Ad-Hoc|x86.ActiveCfg = Release|Any CPU
		{C7FD6407-C86B-4708-A1D8-D872DC69E41E}.AppStore|Any CPU.ActiveCfg = Release|Any CPU
		{C7FD6407-C86B-4708-A1D8-D872DC69E41E}.AppStore|Any CPU.Build.0 = Release|Any CPU
		{C7FD6407-C86B-4708-A1D8-D872DC69E41E}.AppStore|Any CPU.Deploy.0 = Release|Any CPU
		{C7FD6407-C86B-4708-A1D8-D872DC69E41E}.AppStore|ARM.ActiveCfg = Release|Any CPU
		{C7FD6407-C86B-4708-A1D8-D872DC69E41E}.AppStore|iPhone.ActiveCfg = Release|Any CPU
		{C7FD6407-C86B-4708-A1D8-D872DC69E41E}.AppStore|iPhoneSimulator.ActiveCfg = Release|Any CPU
		{C7FD6407-C86B-4708-A1D8-D872DC69E41E}.AppStore|Mixed Platforms.ActiveCfg = Release|Any CPU
		{C7FD6407-C86B-4708-A1D8-D872DC69E41E}.AppStore|Mixed Platforms.Build.0 = Release|Any CPU
		{C7FD6407-C86B-4708-A1D8-D872DC69E41E}.AppStore|Mixed Platforms.Deploy.0 = Release|Any CPU
		{C7FD6407-C86B-4708-A1D8-D872DC69E41E}.AppStore|x86.ActiveCfg = Release|Any CPU
		{C7FD6407-C86B-4708-A1D8-D872DC69E41E}.Debug|Any CPU.ActiveCfg = Debug|Any CPU
		{C7FD6407-C86B-4708-A1D8-D872DC69E41E}.Debug|Any CPU.Build.0 = Debug|Any CPU
		{C7FD6407-C86B-4708-A1D8-D872DC69E41E}.Debug|Any CPU.Deploy.0 = Debug|Any CPU
		{C7FD6407-C86B-4708-A1D8-D872DC69E41E}.Debug|ARM.ActiveCfg = Debug|Any CPU
		{C7FD6407-C86B-4708-A1D8-D872DC69E41E}.Debug|iPhone.ActiveCfg = Debug|Any CPU
		{C7FD6407-C86B-4708-A1D8-D872DC69E41E}.Debug|iPhoneSimulator.ActiveCfg = Debug|Any CPU
		{C7FD6407-C86B-4708-A1D8-D872DC69E41E}.Debug|Mixed Platforms.ActiveCfg = Debug|Any CPU
		{C7FD6407-C86B-4708-A1D8-D872DC69E41E}.Debug|Mixed Platforms.Build.0 = Debug|Any CPU
		{C7FD6407-C86B-4708-A1D8-D872DC69E41E}.Debug|Mixed Platforms.Deploy.0 = Debug|Any CPU
		{C7FD6407-C86B-4708-A1D8-D872DC69E41E}.Debug|x86.ActiveCfg = Debug|Any CPU
		{C7FD6407-C86B-4708-A1D8-D872DC69E41E}.Release|Any CPU.ActiveCfg = Release|Any CPU
		{C7FD6407-C86B-4708-A1D8-D872DC69E41E}.Release|Any CPU.Build.0 = Release|Any CPU
		{C7FD6407-C86B-4708-A1D8-D872DC69E41E}.Release|Any CPU.Deploy.0 = Release|Any CPU
		{C7FD6407-C86B-4708-A1D8-D872DC69E41E}.Release|ARM.ActiveCfg = Release|Any CPU
		{C7FD6407-C86B-4708-A1D8-D872DC69E41E}.Release|iPhone.ActiveCfg = Release|Any CPU
		{C7FD6407-C86B-4708-A1D8-D872DC69E41E}.Release|iPhoneSimulator.ActiveCfg = Release|Any CPU
		{C7FD6407-C86B-4708-A1D8-D872DC69E41E}.Release|Mixed Platforms.ActiveCfg = Release|Any CPU
		{C7FD6407-C86B-4708-A1D8-D872DC69E41E}.Release|Mixed Platforms.Build.0 = Release|Any CPU
		{C7FD6407-C86B-4708-A1D8-D872DC69E41E}.Release|Mixed Platforms.Deploy.0 = Release|Any CPU
		{C7FD6407-C86B-4708-A1D8-D872DC69E41E}.Release|x86.ActiveCfg = Release|Any CPU
		{2EBAA449-4A0A-4C61-BCA7-F0D96FC28926}.Ad-Hoc|Any CPU.ActiveCfg = Release|Any CPU
		{2EBAA449-4A0A-4C61-BCA7-F0D96FC28926}.Ad-Hoc|Any CPU.Build.0 = Release|Any CPU
		{2EBAA449-4A0A-4C61-BCA7-F0D96FC28926}.Ad-Hoc|Any CPU.Deploy.0 = Release|Any CPU
		{2EBAA449-4A0A-4C61-BCA7-F0D96FC28926}.Ad-Hoc|ARM.ActiveCfg = Release|ARM
		{2EBAA449-4A0A-4C61-BCA7-F0D96FC28926}.Ad-Hoc|ARM.Build.0 = Release|ARM
		{2EBAA449-4A0A-4C61-BCA7-F0D96FC28926}.Ad-Hoc|ARM.Deploy.0 = Release|ARM
		{2EBAA449-4A0A-4C61-BCA7-F0D96FC28926}.Ad-Hoc|iPhone.ActiveCfg = Release|Any CPU
		{2EBAA449-4A0A-4C61-BCA7-F0D96FC28926}.Ad-Hoc|iPhoneSimulator.ActiveCfg = Release|Any CPU
		{2EBAA449-4A0A-4C61-BCA7-F0D96FC28926}.Ad-Hoc|Mixed Platforms.ActiveCfg = Release|x86
		{2EBAA449-4A0A-4C61-BCA7-F0D96FC28926}.Ad-Hoc|Mixed Platforms.Build.0 = Release|x86
		{2EBAA449-4A0A-4C61-BCA7-F0D96FC28926}.Ad-Hoc|Mixed Platforms.Deploy.0 = Release|x86
		{2EBAA449-4A0A-4C61-BCA7-F0D96FC28926}.Ad-Hoc|x86.ActiveCfg = Release|x86
		{2EBAA449-4A0A-4C61-BCA7-F0D96FC28926}.Ad-Hoc|x86.Build.0 = Release|x86
		{2EBAA449-4A0A-4C61-BCA7-F0D96FC28926}.Ad-Hoc|x86.Deploy.0 = Release|x86
		{2EBAA449-4A0A-4C61-BCA7-F0D96FC28926}.AppStore|Any CPU.ActiveCfg = Release|Any CPU
		{2EBAA449-4A0A-4C61-BCA7-F0D96FC28926}.AppStore|Any CPU.Build.0 = Release|Any CPU
		{2EBAA449-4A0A-4C61-BCA7-F0D96FC28926}.AppStore|Any CPU.Deploy.0 = Release|Any CPU
		{2EBAA449-4A0A-4C61-BCA7-F0D96FC28926}.AppStore|ARM.ActiveCfg = Release|ARM
		{2EBAA449-4A0A-4C61-BCA7-F0D96FC28926}.AppStore|ARM.Build.0 = Release|ARM
		{2EBAA449-4A0A-4C61-BCA7-F0D96FC28926}.AppStore|ARM.Deploy.0 = Release|ARM
		{2EBAA449-4A0A-4C61-BCA7-F0D96FC28926}.AppStore|iPhone.ActiveCfg = Release|Any CPU
		{2EBAA449-4A0A-4C61-BCA7-F0D96FC28926}.AppStore|iPhoneSimulator.ActiveCfg = Release|Any CPU
		{2EBAA449-4A0A-4C61-BCA7-F0D96FC28926}.AppStore|Mixed Platforms.ActiveCfg = Release|x86
		{2EBAA449-4A0A-4C61-BCA7-F0D96FC28926}.AppStore|Mixed Platforms.Build.0 = Release|x86
		{2EBAA449-4A0A-4C61-BCA7-F0D96FC28926}.AppStore|Mixed Platforms.Deploy.0 = Release|x86
		{2EBAA449-4A0A-4C61-BCA7-F0D96FC28926}.AppStore|x86.ActiveCfg = Release|x86
		{2EBAA449-4A0A-4C61-BCA7-F0D96FC28926}.AppStore|x86.Build.0 = Release|x86
		{2EBAA449-4A0A-4C61-BCA7-F0D96FC28926}.AppStore|x86.Deploy.0 = Release|x86
		{2EBAA449-4A0A-4C61-BCA7-F0D96FC28926}.Debug|Any CPU.ActiveCfg = Debug|Any CPU
		{2EBAA449-4A0A-4C61-BCA7-F0D96FC28926}.Debug|Any CPU.Build.0 = Debug|Any CPU
		{2EBAA449-4A0A-4C61-BCA7-F0D96FC28926}.Debug|Any CPU.Deploy.0 = Debug|Any CPU
		{2EBAA449-4A0A-4C61-BCA7-F0D96FC28926}.Debug|ARM.ActiveCfg = Debug|ARM
		{2EBAA449-4A0A-4C61-BCA7-F0D96FC28926}.Debug|ARM.Build.0 = Debug|ARM
		{2EBAA449-4A0A-4C61-BCA7-F0D96FC28926}.Debug|ARM.Deploy.0 = Debug|ARM
		{2EBAA449-4A0A-4C61-BCA7-F0D96FC28926}.Debug|iPhone.ActiveCfg = Debug|Any CPU
		{2EBAA449-4A0A-4C61-BCA7-F0D96FC28926}.Debug|iPhoneSimulator.ActiveCfg = Debug|Any CPU
		{2EBAA449-4A0A-4C61-BCA7-F0D96FC28926}.Debug|Mixed Platforms.ActiveCfg = Debug|x86
		{2EBAA449-4A0A-4C61-BCA7-F0D96FC28926}.Debug|Mixed Platforms.Build.0 = Debug|x86
		{2EBAA449-4A0A-4C61-BCA7-F0D96FC28926}.Debug|Mixed Platforms.Deploy.0 = Debug|x86
		{2EBAA449-4A0A-4C61-BCA7-F0D96FC28926}.Debug|x86.ActiveCfg = Debug|x86
		{2EBAA449-4A0A-4C61-BCA7-F0D96FC28926}.Debug|x86.Build.0 = Debug|x86
		{2EBAA449-4A0A-4C61-BCA7-F0D96FC28926}.Debug|x86.Deploy.0 = Debug|x86
		{2EBAA449-4A0A-4C61-BCA7-F0D96FC28926}.Release|Any CPU.ActiveCfg = Release|Any CPU
		{2EBAA449-4A0A-4C61-BCA7-F0D96FC28926}.Release|Any CPU.Build.0 = Release|Any CPU
		{2EBAA449-4A0A-4C61-BCA7-F0D96FC28926}.Release|Any CPU.Deploy.0 = Release|Any CPU
		{2EBAA449-4A0A-4C61-BCA7-F0D96FC28926}.Release|ARM.ActiveCfg = Release|ARM
		{2EBAA449-4A0A-4C61-BCA7-F0D96FC28926}.Release|ARM.Build.0 = Release|ARM
		{2EBAA449-4A0A-4C61-BCA7-F0D96FC28926}.Release|ARM.Deploy.0 = Release|ARM
		{2EBAA449-4A0A-4C61-BCA7-F0D96FC28926}.Release|iPhone.ActiveCfg = Release|Any CPU
		{2EBAA449-4A0A-4C61-BCA7-F0D96FC28926}.Release|iPhoneSimulator.ActiveCfg = Release|Any CPU
		{2EBAA449-4A0A-4C61-BCA7-F0D96FC28926}.Release|Mixed Platforms.ActiveCfg = Release|x86
		{2EBAA449-4A0A-4C61-BCA7-F0D96FC28926}.Release|Mixed Platforms.Build.0 = Release|x86
		{2EBAA449-4A0A-4C61-BCA7-F0D96FC28926}.Release|Mixed Platforms.Deploy.0 = Release|x86
		{2EBAA449-4A0A-4C61-BCA7-F0D96FC28926}.Release|x86.ActiveCfg = Release|x86
		{2EBAA449-4A0A-4C61-BCA7-F0D96FC28926}.Release|x86.Build.0 = Release|x86
		{2EBAA449-4A0A-4C61-BCA7-F0D96FC28926}.Release|x86.Deploy.0 = Release|x86
	EndGlobalSection
	GlobalSection(SolutionProperties) = preSolution
		HideSolutionNode = FALSE
	EndGlobalSection
EndGlobal
